
Microsoft Visual Studio Solution File, Format Version 12.00
# Visual Studio Version 16
VisualStudioVersion = 16.0.30711.63
MinimumVisualStudioVersion = 10.0.40219.1
Project("{FAE04EC0-301F-11D3-BF4B-00C04F79EFBC}") = "slide2-e1", "slide2-e1.csproj", "{A1DA6553-8261-4745-8873-4452BD3E995D}"
EndProject
Global
	GlobalSection(SolutionConfigurationPlatforms) = preSolution
		Debug|Any CPU = Debug|Any CPU
		Release|Any CPU = Release|Any CPU
	EndGlobalSection
	GlobalSection(ProjectConfigurationPlatforms) = postSolution
		{A1DA6553-8261-4745-8873-4452BD3E995D}.Debug|Any CPU.ActiveCfg = Debug|Any CPU
		{A1DA6553-8261-4745-8873-4452BD3E995D}.Debug|Any CPU.Build.0 = Debug|Any CPU
		{A1DA6553-8261-4745-8873-4452BD3E995D}.Release|Any CPU.ActiveCfg = Release|Any CPU
		{A1DA6553-8261-4745-8873-4452BD3E995D}.Release|Any CPU.Build.0 = Release|Any CPU
	EndGlobalSection
	GlobalSection(SolutionProperties) = preSolution
		HideSolutionNode = FALSE
	EndGlobalSection
	GlobalSection(ExtensibilityGlobals) = postSolution
		SolutionGuid = {C958ED0C-304C-49AB-A9BF-611B85EE6F61}
	EndGlobalSection
EndGlobal
